{
  "version": 4,
  "terraform_version": "0.12.19",
  "serial": 94,
  "lineage": "2071e9d6-e9e5-d820-7df0-a8dc1512c49e",
  "outputs": {
    "external_ip_address": {
      "value": [],
      "type": [
        "list",
        "string"
      ]
    },
    "internal_ip_address": {
      "value": [],
      "type": [
        "list",
        "string"
      ]
    }
  },
  "resources": [
    {
      "mode": "data",
      "type": "yandex_compute_image",
      "name": "centos",
      "provider": "provider.yandex",
      "instances": [
        {
          "schema_version": 0,
          "attributes": {
            "created_at": "2020-01-21T15:23:24Z",
            "description": "centos 7",
            "family": "centos-7",
            "folder_id": "standard-images",
            "id": "fd8ti195vru1hi3ivdue",
            "image_id": "fd8ti195vru1hi3ivdue",
            "labels": {},
            "min_disk_size": 10,
            "name": "centos-7-1579619851",
            "os_type": "linux",
            "product_ids": [
              "f2e6a23gfhov0t8h83e2"
            ],
            "size": 1,
            "status": "ready"
          }
        }
      ]
    },
    {
      "mode": "managed",
      "type": "yandex_compute_instance",
      "name": "vm",
      "each": "list",
      "provider": "provider.yandex",
      "instances": []
    },
    {
      "mode": "managed",
      "type": "yandex_vpc_network",
      "name": "network-1",
      "provider": "provider.yandex",
      "instances": [
        {
          "schema_version": 0,
          "attributes": {
            "created_at": "2020-01-23T00:40:10Z",
            "description": "",
            "folder_id": "b1gata3eq3dtejlf552k",
            "id": "enpou45m5jd80tiopkr4",
            "labels": {},
            "name": "network1",
            "subnet_ids": [
              "e9bmghg7uhrk8v5t5ck4"
            ],
            "timeouts": null
          },
          "private": "eyJlMmJmYjczMC1lY2FhLTExZTYtOGY4OC0zNDM2M2JjN2M0YzAiOnsiY3JlYXRlIjo2MDAwMDAwMDAwMCwiZGVsZXRlIjo2MDAwMDAwMDAwMCwidXBkYXRlIjo2MDAwMDAwMDAwMH19"
        }
      ]
    },
    {
      "mode": "managed",
      "type": "yandex_vpc_subnet",
      "name": "subnet-1",
      "provider": "provider.yandex",
      "instances": [
        {
          "schema_version": 0,
          "attributes": {
            "created_at": "2020-01-23T00:40:13Z",
            "description": "",
            "folder_id": "b1gata3eq3dtejlf552k",
            "id": "e9bmghg7uhrk8v5t5ck4",
            "labels": {},
            "name": "subnet1",
            "network_id": "enpou45m5jd80tiopkr4",
            "route_table_id": "",
            "timeouts": null,
            "v4_cidr_blocks": [
              "10.211.55.0/24"
            ],
            "v6_cidr_blocks": [],
            "zone": "ru-central1-a"
          },
          "private": "eyJlMmJmYjczMC1lY2FhLTExZTYtOGY4OC0zNDM2M2JjN2M0YzAiOnsiY3JlYXRlIjoxODAwMDAwMDAwMDAsImRlbGV0ZSI6MTgwMDAwMDAwMDAwLCJ1cGRhdGUiOjE4MDAwMDAwMDAwMH19",
          "dependencies": [
            "yandex_vpc_network.network-1"
          ]
        }
      ]
    }
  ]
}
