{
  "version": 4,
  "terraform_version": "0.12.19",
  "serial": 96,
  "lineage": "2071e9d6-e9e5-d820-7df0-a8dc1512c49e",
  "outputs": {
    "external_ip_address": {
      "value": [
        null,
        null
      ],
      "type": [
        "list",
        "string"
      ]
    },
    "internal_ip_address": {
      "value": [
        null,
        null
      ],
      "type": [
        "list",
        "string"
      ]
    }
  },
  "resources": [
    {
      "mode": "data",
      "type": "yandex_compute_image",
      "name": "centos",
      "provider": "provider.yandex",
      "instances": [
        {
          "schema_version": 0,
          "attributes": {
            "created_at": "2020-01-21T15:23:24Z",
            "description": "centos 7",
            "family": "centos-7",
            "folder_id": "standard-images",
            "id": "fd8ti195vru1hi3ivdue",
            "image_id": "fd8ti195vru1hi3ivdue",
            "labels": {},
            "min_disk_size": 10,
            "name": "centos-7-1579619851",
            "os_type": "linux",
            "product_ids": [
              "f2e6a23gfhov0t8h83e2"
            ],
            "size": 1,
            "status": "ready"
          }
        }
      ]
    },
    {
      "mode": "managed",
      "type": "yandex_compute_instance",
      "name": "vm",
      "each": "list",
      "provider": "provider.yandex",
      "instances": [
        {
          "index_key": 0,
          "status": "tainted",
          "schema_version": 1,
          "attributes": {
            "allow_stopping_for_update": null,
            "boot_disk": [
              {
                "auto_delete": true,
                "device_name": "fhm92cj0eg8rbrs6r3pc",
                "disk_id": "fhm92cj0eg8rbrs6r3pc",
                "initialize_params": [
                  {
                    "description": "",
                    "image_id": "fd8ti195vru1hi3ivdue",
                    "name": "",
                    "size": 15,
                    "snapshot_id": "",
                    "type": "network-hdd"
                  }
                ],
                "mode": "READ_WRITE"
              }
            ],
            "created_at": "2020-01-23T01:46:03Z",
            "description": "",
            "folder_id": "b1gata3eq3dtejlf552k",
            "fqdn": "kuber-master.ru-central1.internal",
            "hostname": "kuber-master",
            "id": "fhmjfnso3pfnniqqu8pl",
            "labels": null,
            "metadata": {
              "user-data": "#cloud-config\nusers:\n  - name: mtuktarov\n    shell: /bin/bash\n    sudo: ['ALL=(ALL) NOPASSWD:ALL']\n    ssh-authorized-keys:\n      - ssh-rsa AAAAB3NzaC1yc2EAAAADAQABAAABAQDB8Zb9ihQCEHpuRmNI+yZMUjkxp9pwAuf3+uIYyjo7x2A2WPuIzWD36S5AuGN1JQR/HN7ZWK77BBY3E5qAOwXbB5dPbvL/BNJBHQeik6eyFRrgIHD8r5Dh/xyDWcIAeT5J+7WuGfTJjN49Wq2Z7fNttdx+Si6632g/5UO8IU3HGk+d48Zd+7ZHSXw1NNOMj+E0Uc1BjOXVvIA0aZMvAKIXSags5bfNf/EUgGJdHG/dEbGit8LTwAbc4U4ot6o+4I57t5VaQPF9nMuv/J83EtS5Bx8LNUKGLGFy5kd5Eh1RKWS/t5McWP2MpV+wmeFyFJk+BeVmhATa9fXWAs+26Cop mtuktarov\n"
            },
            "name": "kuber-master",
            "network_interface": [
              {
                "index": 0,
                "ip_address": "10.211.55.7",
                "ipv6": false,
                "ipv6_address": "",
                "mac_address": "d0:0d:13:7d:f9:81",
                "nat": true,
                "nat_ip_address": "84.201.130.241",
                "nat_ip_version": "IPV4",
                "subnet_id": "e9bmghg7uhrk8v5t5ck4"
              }
            ],
            "platform_id": "standard-v1",
            "resources": [
              {
                "core_fraction": 5,
                "cores": 2,
                "gpus": 0,
                "memory": 2
              }
            ],
            "scheduling_policy": [
              {
                "preemptible": false
              }
            ],
            "secondary_disk": [],
            "service_account_id": "",
            "status": "running",
            "timeouts": null,
            "zone": "ru-central1-a"
          },
          "private": "eyJlMmJmYjczMC1lY2FhLTExZTYtOGY4OC0zNDM2M2JjN2M0YzAiOnsiY3JlYXRlIjozMDAwMDAwMDAwMDAsImRlbGV0ZSI6MzAwMDAwMDAwMDAwLCJ1cGRhdGUiOjMwMDAwMDAwMDAwMH0sInNjaGVtYV92ZXJzaW9uIjoiMSJ9",
          "dependencies": [
            "yandex_vpc_subnet.subnet-1"
          ]
        },
        {
          "index_key": 1,
          "schema_version": 1,
          "attributes": {
            "allow_stopping_for_update": null,
            "boot_disk": [
              {
                "auto_delete": true,
                "device_name": "fhm70o836d750btp46jh",
                "disk_id": "fhm70o836d750btp46jh",
                "initialize_params": [
                  {
                    "description": "",
                    "image_id": "fd8ti195vru1hi3ivdue",
                    "name": "",
                    "size": 15,
                    "snapshot_id": "",
                    "type": "network-hdd"
                  }
                ],
                "mode": "READ_WRITE"
              }
            ],
            "created_at": "2020-01-23T01:46:03Z",
            "description": "",
            "folder_id": "b1gata3eq3dtejlf552k",
            "fqdn": "kuber-slave.ru-central1.internal",
            "hostname": "kuber-slave",
            "id": "fhm7ov8l034aibblm3af",
            "labels": null,
            "metadata": {
              "user-data": "#cloud-config\nusers:\n  - name: mtuktarov\n    shell: /bin/bash\n    sudo: ['ALL=(ALL) NOPASSWD:ALL']\n    ssh-authorized-keys:\n      - ssh-rsa AAAAB3NzaC1yc2EAAAADAQABAAABAQDB8Zb9ihQCEHpuRmNI+yZMUjkxp9pwAuf3+uIYyjo7x2A2WPuIzWD36S5AuGN1JQR/HN7ZWK77BBY3E5qAOwXbB5dPbvL/BNJBHQeik6eyFRrgIHD8r5Dh/xyDWcIAeT5J+7WuGfTJjN49Wq2Z7fNttdx+Si6632g/5UO8IU3HGk+d48Zd+7ZHSXw1NNOMj+E0Uc1BjOXVvIA0aZMvAKIXSags5bfNf/EUgGJdHG/dEbGit8LTwAbc4U4ot6o+4I57t5VaQPF9nMuv/J83EtS5Bx8LNUKGLGFy5kd5Eh1RKWS/t5McWP2MpV+wmeFyFJk+BeVmhATa9fXWAs+26Cop mtuktarov\n"
            },
            "name": "kuber-slave",
            "network_interface": [
              {
                "index": 0,
                "ip_address": "10.211.55.11",
                "ipv6": false,
                "ipv6_address": "",
                "mac_address": "d0:0d:7c:7d:15:00",
                "nat": true,
                "nat_ip_address": "84.201.133.99",
                "nat_ip_version": "IPV4",
                "subnet_id": "e9bmghg7uhrk8v5t5ck4"
              }
            ],
            "platform_id": "standard-v1",
            "resources": [
              {
                "core_fraction": 5,
                "cores": 2,
                "gpus": 0,
                "memory": 2
              }
            ],
            "scheduling_policy": [
              {
                "preemptible": false
              }
            ],
            "secondary_disk": [],
            "service_account_id": "",
            "status": "running",
            "timeouts": null,
            "zone": "ru-central1-a"
          },
          "private": "eyJlMmJmYjczMC1lY2FhLTExZTYtOGY4OC0zNDM2M2JjN2M0YzAiOnsiY3JlYXRlIjozMDAwMDAwMDAwMDAsImRlbGV0ZSI6MzAwMDAwMDAwMDAwLCJ1cGRhdGUiOjMwMDAwMDAwMDAwMH0sInNjaGVtYV92ZXJzaW9uIjoiMSJ9",
          "dependencies": [
            "yandex_vpc_subnet.subnet-1"
          ]
        }
      ]
    },
    {
      "mode": "managed",
      "type": "yandex_vpc_network",
      "name": "network-1",
      "provider": "provider.yandex",
      "instances": [
        {
          "schema_version": 0,
          "attributes": {
            "created_at": "2020-01-23T00:40:10Z",
            "description": "",
            "folder_id": "b1gata3eq3dtejlf552k",
            "id": "enpou45m5jd80tiopkr4",
            "labels": {},
            "name": "network1",
            "subnet_ids": [
              "e9bmghg7uhrk8v5t5ck4"
            ],
            "timeouts": null
          },
          "private": "eyJlMmJmYjczMC1lY2FhLTExZTYtOGY4OC0zNDM2M2JjN2M0YzAiOnsiY3JlYXRlIjo2MDAwMDAwMDAwMCwiZGVsZXRlIjo2MDAwMDAwMDAwMCwidXBkYXRlIjo2MDAwMDAwMDAwMH19"
        }
      ]
    },
    {
      "mode": "managed",
      "type": "yandex_vpc_subnet",
      "name": "subnet-1",
      "provider": "provider.yandex",
      "instances": [
        {
          "schema_version": 0,
          "attributes": {
            "created_at": "2020-01-23T00:40:13Z",
            "description": "",
            "folder_id": "b1gata3eq3dtejlf552k",
            "id": "e9bmghg7uhrk8v5t5ck4",
            "labels": {},
            "name": "subnet1",
            "network_id": "enpou45m5jd80tiopkr4",
            "route_table_id": "",
            "timeouts": null,
            "v4_cidr_blocks": [
              "10.211.55.0/24"
            ],
            "v6_cidr_blocks": [],
            "zone": "ru-central1-a"
          },
          "private": "eyJlMmJmYjczMC1lY2FhLTExZTYtOGY4OC0zNDM2M2JjN2M0YzAiOnsiY3JlYXRlIjoxODAwMDAwMDAwMDAsImRlbGV0ZSI6MTgwMDAwMDAwMDAwLCJ1cGRhdGUiOjE4MDAwMDAwMDAwMH19",
          "dependencies": [
            "yandex_vpc_network.network-1"
          ]
        }
      ]
    }
  ]
}
